
Microsoft Visual Studio Solution File, Format Version 12.00
# Visual Studio Version 16
VisualStudioVersion = 16.0.30114.105
MinimumVisualStudioVersion = 10.0.40219.1
Project("{FAE04EC0-301F-11D3-BF4B-00C04F79EFBC}") = "Resource.Api", "Resource.Api\Resource.Api.csproj", "{EB0A7398-A535-4A9A-B064-73168CFD917E}"
EndProject
Global
	GlobalSection(SolutionConfigurationPlatforms) = preSolution
		Debug|Any CPU = Debug|Any CPU
		Release|Any CPU = Release|Any CPU
	EndGlobalSection
	GlobalSection(ProjectConfigurationPlatforms) = postSolution
		{EB0A7398-A535-4A9A-B064-73168CFD917E}.Debug|Any CPU.ActiveCfg = Debug|Any CPU
		{EB0A7398-A535-4A9A-B064-73168CFD917E}.Debug|Any CPU.Build.0 = Debug|Any CPU
		{EB0A7398-A535-4A9A-B064-73168CFD917E}.Release|Any CPU.ActiveCfg = Release|Any CPU
		{EB0A7398-A535-4A9A-B064-73168CFD917E}.Release|Any CPU.Build.0 = Release|Any CPU
	EndGlobalSection
	GlobalSection(SolutionProperties) = preSolution
		HideSolutionNode = FALSE
	EndGlobalSection
	GlobalSection(ExtensibilityGlobals) = postSolution
		SolutionGuid = {09D2725B-86FD-4ECC-AE19-6138C401141F}
	EndGlobalSection
EndGlobal
